{
  "name": "NodeJS Course",
  "lockfileVersion": 2,
  "requires": true,
  "packages": {
    "": {
      "dependencies": {
        "lion-lib": "^1.1.0",
        "lion-lib-189": "^1.0.0",
        "underscore": "^1.13.1"
      }
    },
    "node_modules/lion-lib": {
      "version": "1.1.0",
      "resolved": "https://registry.npmjs.org/lion-lib/-/lion-lib-1.1.0.tgz",
      "integrity": "sha512-FwiWclXbcw6ZVppNZO3UdluQIxSSlKBRWqaO6lGyerAsHoeierAeX9z71gKt6iCIj2tSgBsu3MNS6AcPqoXgdA=="
    },
    "node_modules/lion-lib-189": {
      "version": "1.0.0",
      "resolved": "https://registry.npmjs.org/lion-lib-189/-/lion-lib-189-1.0.0.tgz",
      "integrity": "sha512-APwLBF9a9Qq2T/aLy068nGMzYVCZyBgUdzfF1SjjI78Ne+4DuWlqwIs+Du+XyYznfohFSpQvc9MvAkwTsgitng=="
    },
    "node_modules/underscore": {
      "version": "1.13.1",
      "resolved": "https://registry.npmjs.org/underscore/-/underscore-1.13.1.tgz",
      "integrity": "sha512-hzSoAVtJF+3ZtiFX0VgfFPHEDRm7Y/QPjGyNo4TVdnDTdft3tr8hEkD25a1jC+TjTuE7tkHGKkhwCgs9dgBB2g=="
    }
  },
  "dependencies": {
    "lion-lib": {
      "version": "1.1.0",
      "resolved": "https://registry.npmjs.org/lion-lib/-/lion-lib-1.1.0.tgz",
      "integrity": "sha512-FwiWclXbcw6ZVppNZO3UdluQIxSSlKBRWqaO6lGyerAsHoeierAeX9z71gKt6iCIj2tSgBsu3MNS6AcPqoXgdA=="
    },
    "lion-lib-189": {
      "version": "1.0.0",
      "resolved": "https://registry.npmjs.org/lion-lib-189/-/lion-lib-189-1.0.0.tgz",
      "integrity": "sha512-APwLBF9a9Qq2T/aLy068nGMzYVCZyBgUdzfF1SjjI78Ne+4DuWlqwIs+Du+XyYznfohFSpQvc9MvAkwTsgitng=="
    },
    "underscore": {
      "version": "1.13.1",
      "resolved": "https://registry.npmjs.org/underscore/-/underscore-1.13.1.tgz",
      "integrity": "sha512-hzSoAVtJF+3ZtiFX0VgfFPHEDRm7Y/QPjGyNo4TVdnDTdft3tr8hEkD25a1jC+TjTuE7tkHGKkhwCgs9dgBB2g=="
    }
  }
}
